
Microsoft Visual Studio Solution File, Format Version 12.00
Project("{FAE04EC0-301F-11D3-BF4B-00C04F79EFBC}") = "Program", "Program\Program.csproj", "{F6DB5F88-75BB-4984-B567-D5181A568086}"
EndProject
Global
	GlobalSection(SolutionConfigurationPlatforms) = preSolution
		Debug|Any CPU = Debug|Any CPU
		Release|Any CPU = Release|Any CPU
	EndGlobalSection
	GlobalSection(ProjectConfigurationPlatforms) = postSolution
		{F6DB5F88-75BB-4984-B567-D5181A568086}.Debug|Any CPU.ActiveCfg = Debug|Any CPU
		{F6DB5F88-75BB-4984-B567-D5181A568086}.Debug|Any CPU.Build.0 = Debug|Any CPU
		{F6DB5F88-75BB-4984-B567-D5181A568086}.Release|Any CPU.ActiveCfg = Release|Any CPU
		{F6DB5F88-75BB-4984-B567-D5181A568086}.Release|Any CPU.Build.0 = Release|Any CPU
	EndGlobalSection
EndGlobal
