
Microsoft Visual Studio Solution File, Format Version 12.00
Project("{FAE04EC0-301F-11D3-BF4B-00C04F79EFBC}") = "BookManagement", "BookManagement\BookManagement.csproj", "{7FA57822-5C97-433B-91D0-D3C17F49827D}"
EndProject
Global
	GlobalSection(SolutionConfigurationPlatforms) = preSolution
		Debug|Any CPU = Debug|Any CPU
		Release|Any CPU = Release|Any CPU
	EndGlobalSection
	GlobalSection(ProjectConfigurationPlatforms) = postSolution
		{7FA57822-5C97-433B-91D0-D3C17F49827D}.Debug|Any CPU.ActiveCfg = Debug|Any CPU
		{7FA57822-5C97-433B-91D0-D3C17F49827D}.Debug|Any CPU.Build.0 = Debug|Any CPU
		{7FA57822-5C97-433B-91D0-D3C17F49827D}.Release|Any CPU.ActiveCfg = Release|Any CPU
		{7FA57822-5C97-433B-91D0-D3C17F49827D}.Release|Any CPU.Build.0 = Release|Any CPU
	EndGlobalSection
EndGlobal
